
Microsoft Visual Studio Solution File, Format Version 12.00
# Visual Studio 15
VisualStudioVersion = 15.0.28307.572
MinimumVisualStudioVersion = 10.0.40219.1
Project("{9A19103F-16F7-4668-BE54-9A1E7A4F7556}") = "Thesis-BIM-Website", "Thesis-BIM-Website.csproj", "{CCAC1DF9-027E-40EC-B481-B43BCC379071}"
EndProject
Global
	GlobalSection(SolutionConfigurationPlatforms) = preSolution
		Debug|Any CPU = Debug|Any CPU
		Release|Any CPU = Release|Any CPU
	EndGlobalSection
	GlobalSection(ProjectConfigurationPlatforms) = postSolution
		{CCAC1DF9-027E-40EC-B481-B43BCC379071}.Debug|Any CPU.ActiveCfg = Debug|Any CPU
		{CCAC1DF9-027E-40EC-B481-B43BCC379071}.Debug|Any CPU.Build.0 = Debug|Any CPU
		{CCAC1DF9-027E-40EC-B481-B43BCC379071}.Release|Any CPU.ActiveCfg = Release|Any CPU
		{CCAC1DF9-027E-40EC-B481-B43BCC379071}.Release|Any CPU.Build.0 = Release|Any CPU
	EndGlobalSection
	GlobalSection(SolutionProperties) = preSolution
		HideSolutionNode = FALSE
	EndGlobalSection
	GlobalSection(ExtensibilityGlobals) = postSolution
		SolutionGuid = {068C2E4E-62E0-41A3-B0BF-C20B74174DDD}
	EndGlobalSection
EndGlobal
